// !$*UTF8*$!
{
	archiveVersion = 1;
	classes = {
	};
	objectVersion = 56;
	objects = {

/* Begin PBXBuildFile section */
		C0666E6E29CE47AA002FAFFB /* NoteView.swift in Sources */ = {isa = PBXBuildFile; fileRef = C0666E6D29CE47AA002FAFFB /* NoteView.swift */; };
		C0666E7629CE5494002FAFFB /* Bauziet-Regular.ttf in Resources */ = {isa = PBXBuildFile; fileRef = C0666E7229CE5266002FAFFB /* Bauziet-Regular.ttf */; };
		C07EB5BE29C97B3600552C82 /* em_App.swift in Sources */ = {isa = PBXBuildFile; fileRef = C07EB5BD29C97B3600552C82 /* em_App.swift */; };
		C07EB5C029C97B3600552C82 /* ContentView.swift in Sources */ = {isa = PBXBuildFile; fileRef = C07EB5BF29C97B3600552C82 /* ContentView.swift */; };
		C07EB5C229C97B3800552C82 /* Assets.xcassets in Resources */ = {isa = PBXBuildFile; fileRef = C07EB5C129C97B3800552C82 /* Assets.xcassets */; };
		C07EB5C529C97B3800552C82 /* Preview Assets.xcassets in Resources */ = {isa = PBXBuildFile; fileRef = C07EB5C429C97B3800552C82 /* Preview Assets.xcassets */; };
		C07EB5E129C9D31400552C82 /* Home.swift in Sources */ = {isa = PBXBuildFile; fileRef = C07EB5E029C9D31400552C82 /* Home.swift */; };
		C07EB5E329C9D3EA00552C82 /* CustomTabBar.swift in Sources */ = {isa = PBXBuildFile; fileRef = C07EB5E229C9D3EA00552C82 /* CustomTabBar.swift */; };
		C07EB5E729C9EED200552C82 /* MapView.swift in Sources */ = {isa = PBXBuildFile; fileRef = C07EB5E629C9EED200552C82 /* MapView.swift */; };
		C07EB5E929C9EEE100552C82 /* ProfileView.swift in Sources */ = {isa = PBXBuildFile; fileRef = C07EB5E829C9EEE100552C82 /* ProfileView.swift */; };
		C0F32B8329CECF8700777FF4 /* Location.swift in Sources */ = {isa = PBXBuildFile; fileRef = C0F32B8229CECF8700777FF4 /* Location.swift */; };
		C0F32B8529CED14600777FF4 /* CurrentLocation.plist in Resources */ = {isa = PBXBuildFile; fileRef = C0F32B8429CED14600777FF4 /* CurrentLocation.plist */; };
		C0F32B8929CEDEDC00777FF4 /* ExploreView.swift in Sources */ = {isa = PBXBuildFile; fileRef = C0F32B8829CEDEDC00777FF4 /* ExploreView.swift */; };
		C0F32B8B29CEDFC200777FF4 /* FriendFeedView.swift in Sources */ = {isa = PBXBuildFile; fileRef = C0F32B8A29CEDFC200777FF4 /* FriendFeedView.swift */; };
/* End PBXBuildFile section */

/* Begin PBXFileReference section */
		C0666E6D29CE47AA002FAFFB /* NoteView.swift */ = {isa = PBXFileReference; lastKnownFileType = sourcecode.swift; path = NoteView.swift; sourceTree = "<group>"; };
		C0666E7229CE5266002FAFFB /* Bauziet-Regular.ttf */ = {isa = PBXFileReference; lastKnownFileType = file; path = "Bauziet-Regular.ttf"; sourceTree = "<group>"; };
		C07EB5BA29C97B3600552C82 /* em-.app */ = {isa = PBXFileReference; explicitFileType = wrapper.application; includeInIndex = 0; path = "em-.app"; sourceTree = BUILT_PRODUCTS_DIR; };
		C07EB5BD29C97B3600552C82 /* em_App.swift */ = {isa = PBXFileReference; lastKnownFileType = sourcecode.swift; path = em_App.swift; sourceTree = "<group>"; };
		C07EB5BF29C97B3600552C82 /* ContentView.swift */ = {isa = PBXFileReference; lastKnownFileType = sourcecode.swift; path = ContentView.swift; sourceTree = "<group>"; };
		C07EB5C129C97B3800552C82 /* Assets.xcassets */ = {isa = PBXFileReference; lastKnownFileType = folder.assetcatalog; path = Assets.xcassets; sourceTree = "<group>"; };
		C07EB5C429C97B3800552C82 /* Preview Assets.xcassets */ = {isa = PBXFileReference; lastKnownFileType = folder.assetcatalog; path = "Preview Assets.xcassets"; sourceTree = "<group>"; };
		C07EB5C629C97B3800552C82 /* em_.entitlements */ = {isa = PBXFileReference; lastKnownFileType = text.plist.entitlements; path = em_.entitlements; sourceTree = "<group>"; };
		C07EB5E029C9D31400552C82 /* Home.swift */ = {isa = PBXFileReference; lastKnownFileType = sourcecode.swift; path = Home.swift; sourceTree = "<group>"; };
		C07EB5E229C9D3EA00552C82 /* CustomTabBar.swift */ = {isa = PBXFileReference; lastKnownFileType = sourcecode.swift; path = CustomTabBar.swift; sourceTree = "<group>"; };
		C07EB5E629C9EED200552C82 /* MapView.swift */ = {isa = PBXFileReference; lastKnownFileType = sourcecode.swift; path = MapView.swift; sourceTree = "<group>"; };
		C07EB5E829C9EEE100552C82 /* ProfileView.swift */ = {isa = PBXFileReference; lastKnownFileType = sourcecode.swift; path = ProfileView.swift; sourceTree = "<group>"; };
		C0F32B8229CECF8700777FF4 /* Location.swift */ = {isa = PBXFileReference; lastKnownFileType = sourcecode.swift; path = Location.swift; sourceTree = "<group>"; };
		C0F32B8429CED14600777FF4 /* CurrentLocation.plist */ = {isa = PBXFileReference; lastKnownFileType = text.plist.xml; path = CurrentLocation.plist; sourceTree = "<group>"; };
		C0F32B8829CEDEDC00777FF4 /* ExploreView.swift */ = {isa = PBXFileReference; lastKnownFileType = sourcecode.swift; path = ExploreView.swift; sourceTree = "<group>"; };
		C0F32B8A29CEDFC200777FF4 /* FriendFeedView.swift */ = {isa = PBXFileReference; lastKnownFileType = sourcecode.swift; path = FriendFeedView.swift; sourceTree = "<group>"; };
/* End PBXFileReference section */

/* Begin PBXFrameworksBuildPhase section */
		C07EB5B729C97B3600552C82 /* Frameworks */ = {
			isa = PBXFrameworksBuildPhase;
			buildActionMask = 2147483647;
			files = (
			);
			runOnlyForDeploymentPostprocessing = 0;
		};
/* End PBXFrameworksBuildPhase section */

/* Begin PBXGroup section */
		C0666E6F29CE50B9002FAFFB /* Fonts */ = {
			isa = PBXGroup;
			children = (
				C0666E7229CE5266002FAFFB /* Bauziet-Regular.ttf */,
			);
			path = Fonts;
			sourceTree = "<group>";
		};
		C07EB5B129C97B3600552C82 = {
			isa = PBXGroup;
			children = (
				C07EB5BC29C97B3600552C82 /* em- */,
				C07EB5BB29C97B3600552C82 /* Products */,
			);
			sourceTree = "<group>";
		};
		C07EB5BB29C97B3600552C82 /* Products */ = {
			isa = PBXGroup;
			children = (
				C07EB5BA29C97B3600552C82 /* em-.app */,
			);
			name = Products;
			sourceTree = "<group>";
		};
		C07EB5BC29C97B3600552C82 /* em- */ = {
			isa = PBXGroup;
			children = (
				C0F32B7B29CEC27100777FF4 /* Models */,
				C0666E6F29CE50B9002FAFFB /* Fonts */,
				C07EB5DD29C9D2BE00552C82 /* Views */,
				C07EB5BD29C97B3600552C82 /* em_App.swift */,
				C07EB5BF29C97B3600552C82 /* ContentView.swift */,
				C07EB5C129C97B3800552C82 /* Assets.xcassets */,
				C07EB5C629C97B3800552C82 /* em_.entitlements */,
				C07EB5C329C97B3800552C82 /* Preview Content */,
				C0F32B8429CED14600777FF4 /* CurrentLocation.plist */,
			);
			path = "em-";
			sourceTree = "<group>";
		};
		C07EB5C329C97B3800552C82 /* Preview Content */ = {
			isa = PBXGroup;
			children = (
				C07EB5C429C97B3800552C82 /* Preview Assets.xcassets */,
			);
			path = "Preview Content";
			sourceTree = "<group>";
		};
		C07EB5DD29C9D2BE00552C82 /* Views */ = {
			isa = PBXGroup;
			children = (
				C07EB5E029C9D31400552C82 /* Home.swift */,
				C07EB5E229C9D3EA00552C82 /* CustomTabBar.swift */,
				C07EB5E629C9EED200552C82 /* MapView.swift */,
				C07EB5E829C9EEE100552C82 /* ProfileView.swift */,
				C0666E6D29CE47AA002FAFFB /* NoteView.swift */,
				C0F32B8829CEDEDC00777FF4 /* ExploreView.swift */,
				C0F32B8A29CEDFC200777FF4 /* FriendFeedView.swift */,
			);
			path = Views;
			sourceTree = "<group>";
		};
		C0F32B7B29CEC27100777FF4 /* Models */ = {
			isa = PBXGroup;
			children = (
				C0F32B8229CECF8700777FF4 /* Location.swift */,
			);
			path = Models;
			sourceTree = "<group>";
		};
/* End PBXGroup section */

/* Begin PBXNativeTarget section */
		C07EB5B929C97B3600552C82 /* em- */ = {
			isa = PBXNativeTarget;
			buildConfigurationList = C07EB5C929C97B3800552C82 /* Build configuration list for PBXNativeTarget "em-" */;
			buildPhases = (
				C07EB5B629C97B3600552C82 /* Sources */,
				C07EB5B729C97B3600552C82 /* Frameworks */,
				C07EB5B829C97B3600552C82 /* Resources */,
			);
			buildRules = (
			);
			dependencies = (
			);
			name = "em-";
			packageProductDependencies = (
			);
			productName = "em-";
			productReference = C07EB5BA29C97B3600552C82 /* em-.app */;
			productType = "com.apple.product-type.application";
		};
/* End PBXNativeTarget section */

/* Begin PBXProject section */
		C07EB5B229C97B3600552C82 /* Project object */ = {
			isa = PBXProject;
			attributes = {
				BuildIndependentTargetsInParallel = 1;
				LastSwiftUpdateCheck = 1430;
				LastUpgradeCheck = 1430;
				TargetAttributes = {
					C07EB5B929C97B3600552C82 = {
						CreatedOnToolsVersion = 14.3;
					};
				};
			};
			buildConfigurationList = C07EB5B529C97B3600552C82 /* Build configuration list for PBXProject "em-" */;
			compatibilityVersion = "Xcode 14.0";
			developmentRegion = en;
			hasScannedForEncodings = 0;
			knownRegions = (
				en,
				Base,
			);
			mainGroup = C07EB5B129C97B3600552C82;
			packageReferences = (
			);
			productRefGroup = C07EB5BB29C97B3600552C82 /* Products */;
			projectDirPath = "";
			projectRoot = "";
			targets = (
				C07EB5B929C97B3600552C82 /* em- */,
			);
		};
/* End PBXProject section */

/* Begin PBXResourcesBuildPhase section */
		C07EB5B829C97B3600552C82 /* Resources */ = {
			isa = PBXResourcesBuildPhase;
			buildActionMask = 2147483647;
			files = (
				C07EB5C529C97B3800552C82 /* Preview Assets.xcassets in Resources */,
				C07EB5C229C97B3800552C82 /* Assets.xcassets in Resources */,
				C0666E7629CE5494002FAFFB /* Bauziet-Regular.ttf in Resources */,
				C0F32B8529CED14600777FF4 /* CurrentLocation.plist in Resources */,
			);
			runOnlyForDeploymentPostprocessing = 0;
		};
/* End PBXResourcesBuildPhase section */

/* Begin PBXSourcesBuildPhase section */
		C07EB5B629C97B3600552C82 /* Sources */ = {
			isa = PBXSourcesBuildPhase;
			buildActionMask = 2147483647;
			files = (
				C07EB5E329C9D3EA00552C82 /* CustomTabBar.swift in Sources */,
				C0F32B8929CEDEDC00777FF4 /* ExploreView.swift in Sources */,
				C07EB5C029C97B3600552C82 /* ContentView.swift in Sources */,
				C07EB5E729C9EED200552C82 /* MapView.swift in Sources */,
				C0F32B8329CECF8700777FF4 /* Location.swift in Sources */,
				C07EB5E129C9D31400552C82 /* Home.swift in Sources */,
				C0F32B8B29CEDFC200777FF4 /* FriendFeedView.swift in Sources */,
				C07EB5E929C9EEE100552C82 /* ProfileView.swift in Sources */,
				C0666E6E29CE47AA002FAFFB /* NoteView.swift in Sources */,
				C07EB5BE29C97B3600552C82 /* em_App.swift in Sources */,
			);
			runOnlyForDeploymentPostprocessing = 0;
		};
/* End PBXSourcesBuildPhase section */

/* Begin XCBuildConfiguration section */
		C07EB5C729C97B3800552C82 /* Debug */ = {
			isa = XCBuildConfiguration;
			buildSettings = {
				ALWAYS_SEARCH_USER_PATHS = NO;
				CLANG_ANALYZER_NONNULL = YES;
				CLANG_ANALYZER_NUMBER_OBJECT_CONVERSION = YES_AGGRESSIVE;
				CLANG_CXX_LANGUAGE_STANDARD = "gnu++20";
				CLANG_ENABLE_MODULES = YES;
				CLANG_ENABLE_OBJC_ARC = YES;
				CLANG_ENABLE_OBJC_WEAK = YES;
				CLANG_WARN_BLOCK_CAPTURE_AUTORELEASING = YES;
				CLANG_WARN_BOOL_CONVERSION = YES;
				CLANG_WARN_COMMA = YES;
				CLANG_WARN_CONSTANT_CONVERSION = YES;
				CLANG_WARN_DEPRECATED_OBJC_IMPLEMENTATIONS = YES;
				CLANG_WARN_DIRECT_OBJC_ISA_USAGE = YES_ERROR;
				CLANG_WARN_DOCUMENTATION_COMMENTS = YES;
				CLANG_WARN_EMPTY_BODY = YES;
				CLANG_WARN_ENUM_CONVERSION = YES;
				CLANG_WARN_INFINITE_RECURSION = YES;
				CLANG_WARN_INT_CONVERSION = YES;
				CLANG_WARN_NON_LITERAL_NULL_CONVERSION = YES;
				CLANG_WARN_OBJC_IMPLICIT_RETAIN_SELF = YES;
				CLANG_WARN_OBJC_LITERAL_CONVERSION = YES;
				CLANG_WARN_OBJC_ROOT_CLASS = YES_ERROR;
				CLANG_WARN_QUOTED_INCLUDE_IN_FRAMEWORK_HEADER = YES;
				CLANG_WARN_RANGE_LOOP_ANALYSIS = YES;
				CLANG_WARN_STRICT_PROTOTYPES = YES;
				CLANG_WARN_SUSPICIOUS_MOVE = YES;
				CLANG_WARN_UNGUARDED_AVAILABILITY = YES_AGGRESSIVE;
				CLANG_WARN_UNREACHABLE_CODE = YES;
				CLANG_WARN__DUPLICATE_METHOD_MATCH = YES;
				COPY_PHASE_STRIP = NO;
				DEBUG_INFORMATION_FORMAT = dwarf;
				ENABLE_STRICT_OBJC_MSGSEND = YES;
				ENABLE_TESTABILITY = YES;
				GCC_C_LANGUAGE_STANDARD = gnu11;
				GCC_DYNAMIC_NO_PIC = NO;
				GCC_NO_COMMON_BLOCKS = YES;
				GCC_OPTIMIZATION_LEVEL = 0;
				GCC_PREPROCESSOR_DEFINITIONS = (
					"DEBUG=1",
					"$(inherited)",
				);
				GCC_WARN_64_TO_32_BIT_CONVERSION = YES;
				GCC_WARN_ABOUT_RETURN_TYPE = YES_ERROR;
				GCC_WARN_UNDECLARED_SELECTOR = YES;
				GCC_WARN_UNINITIALIZED_AUTOS = YES_AGGRESSIVE;
				GCC_WARN_UNUSED_FUNCTION = YES;
				GCC_WARN_UNUSED_VARIABLE = YES;
				MACOSX_DEPLOYMENT_TARGET = 13.2;
				MTL_ENABLE_DEBUG_INFO = INCLUDE_SOURCE;
				MTL_FAST_MATH = YES;
				ONLY_ACTIVE_ARCH = YES;
				SDKROOT = macosx;
				SWIFT_ACTIVE_COMPILATION_CONDITIONS = DEBUG;
				SWIFT_OPTIMIZATION_LEVEL = "-Onone";
			};
			name = Debug;
		};
		C07EB5C829C97B3800552C82 /* Release */ = {
			isa = XCBuildConfiguration;
			buildSettings = {
				ALWAYS_SEARCH_USER_PATHS = NO;
				CLANG_ANALYZER_NONNULL = YES;
				CLANG_ANALYZER_NUMBER_OBJECT_CONVERSION = YES_AGGRESSIVE;
				CLANG_CXX_LANGUAGE_STANDARD = "gnu++20";
				CLANG_ENABLE_MODULES = YES;
				CLANG_ENABLE_OBJC_ARC = YES;
				CLANG_ENABLE_OBJC_WEAK = YES;
				CLANG_WARN_BLOCK_CAPTURE_AUTORELEASING = YES;
				CLANG_WARN_BOOL_CONVERSION = YES;
				CLANG_WARN_COMMA = YES;
				CLANG_WARN_CONSTANT_CONVERSION = YES;
				CLANG_WARN_DEPRECATED_OBJC_IMPLEMENTATIONS = YES;
				CLANG_WARN_DIRECT_OBJC_ISA_USAGE = YES_ERROR;
				CLANG_WARN_DOCUMENTATION_COMMENTS = YES;
				CLANG_WARN_EMPTY_BODY = YES;
				CLANG_WARN_ENUM_CONVERSION = YES;
				CLANG_WARN_INFINITE_RECURSION = YES;
				CLANG_WARN_INT_CONVERSION = YES;
				CLANG_WARN_NON_LITERAL_NULL_CONVERSION = YES;
				CLANG_WARN_OBJC_IMPLICIT_RETAIN_SELF = YES;
				CLANG_WARN_OBJC_LITERAL_CONVERSION = YES;
				CLANG_WARN_OBJC_ROOT_CLASS = YES_ERROR;
				CLANG_WARN_QUOTED_INCLUDE_IN_FRAMEWORK_HEADER = YES;
				CLANG_WARN_RANGE_LOOP_ANALYSIS = YES;
				CLANG_WARN_STRICT_PROTOTYPES = YES;
				CLANG_WARN_SUSPICIOUS_MOVE = YES;
				CLANG_WARN_UNGUARDED_AVAILABILITY = YES_AGGRESSIVE;
				CLANG_WARN_UNREACHABLE_CODE = YES;
				CLANG_WARN__DUPLICATE_METHOD_MATCH = YES;
				COPY_PHASE_STRIP = NO;
				DEBUG_INFORMATION_FORMAT = "dwarf-with-dsym";
				ENABLE_NS_ASSERTIONS = NO;
				ENABLE_STRICT_OBJC_MSGSEND = YES;
				GCC_C_LANGUAGE_STANDARD = gnu11;
				GCC_NO_COMMON_BLOCKS = YES;
				GCC_WARN_64_TO_32_BIT_CONVERSION = YES;
				GCC_WARN_ABOUT_RETURN_TYPE = YES_ERROR;
				GCC_WARN_UNDECLARED_SELECTOR = YES;
				GCC_WARN_UNINITIALIZED_AUTOS = YES_AGGRESSIVE;
				GCC_WARN_UNUSED_FUNCTION = YES;
				GCC_WARN_UNUSED_VARIABLE = YES;
				MACOSX_DEPLOYMENT_TARGET = 13.2;
				MTL_ENABLE_DEBUG_INFO = NO;
				MTL_FAST_MATH = YES;
				SDKROOT = macosx;
				SWIFT_COMPILATION_MODE = wholemodule;
				SWIFT_OPTIMIZATION_LEVEL = "-O";
			};
			name = Release;
		};
		C07EB5CA29C97B3800552C82 /* Debug */ = {
			isa = XCBuildConfiguration;
			buildSettings = {
				ASSETCATALOG_COMPILER_APPICON_NAME = AppIcon;
				ASSETCATALOG_COMPILER_GLOBAL_ACCENT_COLOR_NAME = AccentColor;
				CODE_SIGN_ENTITLEMENTS = "em-/em_.entitlements";
				CODE_SIGN_STYLE = Automatic;
				COMBINE_HIDPI_IMAGES = YES;
				CURRENT_PROJECT_VERSION = 1;
				DEVELOPMENT_ASSET_PATHS = "\"em-/Preview Content\"";
				DEVELOPMENT_TEAM = UQ9T3CR58V;
				ENABLE_HARDENED_RUNTIME = YES;
				ENABLE_PREVIEWS = YES;
				GENERATE_INFOPLIST_FILE = YES;
				INFOPLIST_FILE = "em-/Info.plist";
				INFOPLIST_KEY_NSHumanReadableCopyright = "";
				INFOPLIST_KEY_NSLocationAlwaysUsageDescription = "";
				INFOPLIST_KEY_NSLocationWhenInUseUsageDescription = "";
				IPHONEOS_DEPLOYMENT_TARGET = 16.0;
				LD_RUNPATH_SEARCH_PATHS = (
					"$(inherited)",
					"@executable_path/../Frameworks",
				);
				MARKETING_VERSION = 1.0;
				PRODUCT_BUNDLE_IDENTIFIER = "oanhowi.em-";
				PRODUCT_NAME = "$(TARGET_NAME)";
				SDKROOT = iphoneos;
				SUPPORTED_PLATFORMS = "iphoneos iphonesimulator";
				SUPPORTS_MACCATALYST = NO;
				SUPPORTS_MAC_DESIGNED_FOR_IPHONE_IPAD = NO;
				SWIFT_EMIT_LOC_STRINGS = YES;
				SWIFT_VERSION = 5.0;
				TARGETED_DEVICE_FAMILY = "1,2";
			};
			name = Debug;
		};
		C07EB5CB29C97B3800552C82 /* Release */ = {
			isa = XCBuildConfiguration;
			buildSettings = {
				ASSETCATALOG_COMPILER_APPICON_NAME = AppIcon;
				ASSETCATALOG_COMPILER_GLOBAL_ACCENT_COLOR_NAME = AccentColor;
				CODE_SIGN_ENTITLEMENTS = "em-/em_.entitlements";
				CODE_SIGN_STYLE = Automatic;
				COMBINE_HIDPI_IMAGES = YES;
				CURRENT_PROJECT_VERSION = 1;
				DEVELOPMENT_ASSET_PATHS = "\"em-/Preview Content\"";
				DEVELOPMENT_TEAM = UQ9T3CR58V;
				ENABLE_HARDENED_RUNTIME = YES;
				ENABLE_PREVIEWS = YES;
				GENERATE_INFOPLIST_FILE = YES;
				INFOPLIST_FILE = "em-/Info.plist";
				INFOPLIST_KEY_NSHumanReadableCopyright = "";
				INFOPLIST_KEY_NSLocationAlwaysUsageDescription = "";
				INFOPLIST_KEY_NSLocationWhenInUseUsageDescription = "";
				IPHONEOS_DEPLOYMENT_TARGET = 16.0;
				LD_RUNPATH_SEARCH_PATHS = (
					"$(inherited)",
					"@executable_path/../Frameworks",
				);
				MARKETING_VERSION = 1.0;
				PRODUCT_BUNDLE_IDENTIFIER = "oanhowi.em-";
				PRODUCT_NAME = "$(TARGET_NAME)";
				SDKROOT = iphoneos;
				SUPPORTED_PLATFORMS = "iphoneos iphonesimulator";
				SUPPORTS_MACCATALYST = NO;
				SUPPORTS_MAC_DESIGNED_FOR_IPHONE_IPAD = NO;
				SWIFT_EMIT_LOC_STRINGS = YES;
				SWIFT_VERSION = 5.0;
				TARGETED_DEVICE_FAMILY = "1,2";
			};
			name = Release;
		};
/* End XCBuildConfiguration section */

/* Begin XCConfigurationList section */
		C07EB5B529C97B3600552C82 /* Build configuration list for PBXProject "em-" */ = {
			isa = XCConfigurationList;
			buildConfigurations = (
				C07EB5C729C97B3800552C82 /* Debug */,
				C07EB5C829C97B3800552C82 /* Release */,
			);
			defaultConfigurationIsVisible = 0;
			defaultConfigurationName = Release;
		};
		C07EB5C929C97B3800552C82 /* Build configuration list for PBXNativeTarget "em-" */ = {
			isa = XCConfigurationList;
			buildConfigurations = (
				C07EB5CA29C97B3800552C82 /* Debug */,
				C07EB5CB29C97B3800552C82 /* Release */,
			);
			defaultConfigurationIsVisible = 0;
			defaultConfigurationName = Release;
		};
/* End XCConfigurationList section */
	};
	rootObject = C07EB5B229C97B3600552C82 /* Project object */;
}
